
Microsoft Visual Studio Solution File, Format Version 12.00
Project("{FAE04EC0-301F-11D3-BF4B-00C04F79EFBC}") = "Weaver", "Weaver\Weaver.csproj", "{4E6E7F45-CC25-482D-B1B4-353513F803E4}"
EndProject
Project("{FAE04EC0-301F-11D3-BF4B-00C04F79EFBC}") = "Client", "Client\Client.csproj", "{8030B52E-C14D-4835-805A-62B851D678CD}"
EndProject
Project("{FAE04EC0-301F-11D3-BF4B-00C04F79EFBC}") = "Tests", "Tests\Tests.csproj", "{832B289B-B7EA-462D-8512-8A936035A103}"
EndProject
Project("{2150E333-8FDC-42A3-9474-1A3956D46DE8}") = "Tests", "Tests", "{5C98BB3A-1B5A-49E9-9AD8-40782E0781CF}"
EndProject
Project("{FAE04EC0-301F-11D3-BF4B-00C04F79EFBC}") = "AssemblyToProcess.Core", "Tests\AssemblyToProcess\Core\AssemblyToProcess.Core.csproj", "{B22F35FA-D64B-4CE0-B1BC-3D4886A43C7D}"
EndProject
Project("{FAE04EC0-301F-11D3-BF4B-00C04F79EFBC}") = "AssemblyToProcess.SimpleCase", "Tests\AssemblyToProcess\SimpleCase\AssemblyToProcess.SimpleCase.csproj", "{8DB07C81-6224-4E78-9745-682E0B926841}"
EndProject
Project("{FAE04EC0-301F-11D3-BF4B-00C04F79EFBC}") = "AssemblyToProcess.Unsigned", "Tests\AssemblyToProcess\Unsigned\AssemblyToProcess.Unsigned.csproj", "{429F9B63-C0BB-46C9-8707-1DA10801BA27}"
EndProject
Project("{FAE04EC0-301F-11D3-BF4B-00C04F79EFBC}") = "AssemblyToProcess.Signed", "Tests\AssemblyToProcess\Signed\AssemblyToProcess.Signed.csproj", "{536AFEAD-6E51-43C1-B8E3-7C0B166B1CBA}"
EndProject
Project("{FAE04EC0-301F-11D3-BF4B-00C04F79EFBC}") = "AssemblyToProcess.MultipleExports", "Tests\AssemblyToProcess\MultipleExports\AssemblyToProcess.MultipleExports.csproj", "{3C4C8677-7F5B-4CE9-8577-9CDACDBDADF9}"
EndProject
Global
	GlobalSection(SolutionConfigurationPlatforms) = preSolution
		Debug|Any CPU = Debug|Any CPU
		Release|Any CPU = Release|Any CPU
	EndGlobalSection
	GlobalSection(ProjectConfigurationPlatforms) = postSolution
		{4E6E7F45-CC25-482D-B1B4-353513F803E4}.Debug|Any CPU.ActiveCfg = Debug|Any CPU
		{4E6E7F45-CC25-482D-B1B4-353513F803E4}.Debug|Any CPU.Build.0 = Debug|Any CPU
		{4E6E7F45-CC25-482D-B1B4-353513F803E4}.Release|Any CPU.ActiveCfg = Release|Any CPU
		{4E6E7F45-CC25-482D-B1B4-353513F803E4}.Release|Any CPU.Build.0 = Release|Any CPU
		{8030B52E-C14D-4835-805A-62B851D678CD}.Debug|Any CPU.ActiveCfg = Debug|Any CPU
		{8030B52E-C14D-4835-805A-62B851D678CD}.Debug|Any CPU.Build.0 = Debug|Any CPU
		{8030B52E-C14D-4835-805A-62B851D678CD}.Release|Any CPU.ActiveCfg = Release|Any CPU
		{8030B52E-C14D-4835-805A-62B851D678CD}.Release|Any CPU.Build.0 = Release|Any CPU
		{832B289B-B7EA-462D-8512-8A936035A103}.Debug|Any CPU.ActiveCfg = Debug|Any CPU
		{832B289B-B7EA-462D-8512-8A936035A103}.Debug|Any CPU.Build.0 = Debug|Any CPU
		{832B289B-B7EA-462D-8512-8A936035A103}.Release|Any CPU.ActiveCfg = Release|Any CPU
		{832B289B-B7EA-462D-8512-8A936035A103}.Release|Any CPU.Build.0 = Release|Any CPU
		{B22F35FA-D64B-4CE0-B1BC-3D4886A43C7D}.Debug|Any CPU.ActiveCfg = Debug|Any CPU
		{B22F35FA-D64B-4CE0-B1BC-3D4886A43C7D}.Debug|Any CPU.Build.0 = Debug|Any CPU
		{B22F35FA-D64B-4CE0-B1BC-3D4886A43C7D}.Release|Any CPU.ActiveCfg = Release|Any CPU
		{B22F35FA-D64B-4CE0-B1BC-3D4886A43C7D}.Release|Any CPU.Build.0 = Release|Any CPU
		{8DB07C81-6224-4E78-9745-682E0B926841}.Debug|Any CPU.ActiveCfg = Debug|Any CPU
		{8DB07C81-6224-4E78-9745-682E0B926841}.Debug|Any CPU.Build.0 = Debug|Any CPU
		{8DB07C81-6224-4E78-9745-682E0B926841}.Release|Any CPU.ActiveCfg = Release|Any CPU
		{8DB07C81-6224-4E78-9745-682E0B926841}.Release|Any CPU.Build.0 = Release|Any CPU
		{429F9B63-C0BB-46C9-8707-1DA10801BA27}.Debug|Any CPU.ActiveCfg = Debug|Any CPU
		{429F9B63-C0BB-46C9-8707-1DA10801BA27}.Debug|Any CPU.Build.0 = Debug|Any CPU
		{429F9B63-C0BB-46C9-8707-1DA10801BA27}.Release|Any CPU.ActiveCfg = Release|Any CPU
		{429F9B63-C0BB-46C9-8707-1DA10801BA27}.Release|Any CPU.Build.0 = Release|Any CPU
		{536AFEAD-6E51-43C1-B8E3-7C0B166B1CBA}.Debug|Any CPU.ActiveCfg = Debug|Any CPU
		{536AFEAD-6E51-43C1-B8E3-7C0B166B1CBA}.Debug|Any CPU.Build.0 = Debug|Any CPU
		{536AFEAD-6E51-43C1-B8E3-7C0B166B1CBA}.Release|Any CPU.ActiveCfg = Release|Any CPU
		{536AFEAD-6E51-43C1-B8E3-7C0B166B1CBA}.Release|Any CPU.Build.0 = Release|Any CPU
		{3C4C8677-7F5B-4CE9-8577-9CDACDBDADF9}.Debug|Any CPU.ActiveCfg = Debug|Any CPU
		{3C4C8677-7F5B-4CE9-8577-9CDACDBDADF9}.Debug|Any CPU.Build.0 = Debug|Any CPU
		{3C4C8677-7F5B-4CE9-8577-9CDACDBDADF9}.Release|Any CPU.ActiveCfg = Release|Any CPU
		{3C4C8677-7F5B-4CE9-8577-9CDACDBDADF9}.Release|Any CPU.Build.0 = Release|Any CPU
	EndGlobalSection
	GlobalSection(NestedProjects) = preSolution
		{832B289B-B7EA-462D-8512-8A936035A103} = {5C98BB3A-1B5A-49E9-9AD8-40782E0781CF}
		{B22F35FA-D64B-4CE0-B1BC-3D4886A43C7D} = {5C98BB3A-1B5A-49E9-9AD8-40782E0781CF}
		{8DB07C81-6224-4E78-9745-682E0B926841} = {5C98BB3A-1B5A-49E9-9AD8-40782E0781CF}
		{429F9B63-C0BB-46C9-8707-1DA10801BA27} = {5C98BB3A-1B5A-49E9-9AD8-40782E0781CF}
		{536AFEAD-6E51-43C1-B8E3-7C0B166B1CBA} = {5C98BB3A-1B5A-49E9-9AD8-40782E0781CF}
		{3C4C8677-7F5B-4CE9-8577-9CDACDBDADF9} = {5C98BB3A-1B5A-49E9-9AD8-40782E0781CF}
	EndGlobalSection
EndGlobal
